
Microsoft Visual Studio Solution File, Format Version 11.00
# Visual Studio 2010
Project("{8BC9CEB8-8B4A-11D0-8D11-00A0C91BC942}") = "Struct Notes", "Struct Notes\Struct Notes.vcxproj", "{6A08F460-ED1D-4B0B-B5DF-8A24D0A9F2C4}"
EndProject
Global
	GlobalSection(SolutionConfigurationPlatforms) = preSolution
		Debug|Win32 = Debug|Win32
		Release|Win32 = Release|Win32
	EndGlobalSection
	GlobalSection(ProjectConfigurationPlatforms) = postSolution
		{6A08F460-ED1D-4B0B-B5DF-8A24D0A9F2C4}.Debug|Win32.ActiveCfg = Debug|Win32
		{6A08F460-ED1D-4B0B-B5DF-8A24D0A9F2C4}.Debug|Win32.Build.0 = Debug|Win32
		{6A08F460-ED1D-4B0B-B5DF-8A24D0A9F2C4}.Release|Win32.ActiveCfg = Release|Win32
		{6A08F460-ED1D-4B0B-B5DF-8A24D0A9F2C4}.Release|Win32.Build.0 = Release|Win32
	EndGlobalSection
	GlobalSection(SolutionProperties) = preSolution
		HideSolutionNode = FALSE
	EndGlobalSection
EndGlobal
