
Microsoft Visual Studio Solution File, Format Version 11.00
# Visual Studio 2010
Project("{F184B08F-C81C-45F6-A57F-5ABD9991F28F}") = "Array Notes", "Array Notes\Array Notes.vbproj", "{D5B01B56-6606-4C75-BBC5-8DEFBDD1611F}"
EndProject
Global
	GlobalSection(SolutionConfigurationPlatforms) = preSolution
		Debug|x86 = Debug|x86
		Release|x86 = Release|x86
	EndGlobalSection
	GlobalSection(ProjectConfigurationPlatforms) = postSolution
		{D5B01B56-6606-4C75-BBC5-8DEFBDD1611F}.Debug|x86.ActiveCfg = Debug|x86
		{D5B01B56-6606-4C75-BBC5-8DEFBDD1611F}.Debug|x86.Build.0 = Debug|x86
		{D5B01B56-6606-4C75-BBC5-8DEFBDD1611F}.Release|x86.ActiveCfg = Release|x86
		{D5B01B56-6606-4C75-BBC5-8DEFBDD1611F}.Release|x86.Build.0 = Release|x86
	EndGlobalSection
	GlobalSection(SolutionProperties) = preSolution
		HideSolutionNode = FALSE
	EndGlobalSection
EndGlobal
