
Microsoft Visual Studio Solution File, Format Version 11.00
# Visual Studio 2010
Project("{8BC9CEB8-8B4A-11D0-8D11-00A0C91BC942}") = "Intro_Notes", "Intro_Notes\Intro_Notes.vcxproj", "{AD649709-5DAC-4B77-8AD0-15A85A9A8DE2}"
EndProject
Global
	GlobalSection(SolutionConfigurationPlatforms) = preSolution
		Debug|Win32 = Debug|Win32
		Release|Win32 = Release|Win32
	EndGlobalSection
	GlobalSection(ProjectConfigurationPlatforms) = postSolution
		{AD649709-5DAC-4B77-8AD0-15A85A9A8DE2}.Debug|Win32.ActiveCfg = Debug|Win32
		{AD649709-5DAC-4B77-8AD0-15A85A9A8DE2}.Debug|Win32.Build.0 = Debug|Win32
		{AD649709-5DAC-4B77-8AD0-15A85A9A8DE2}.Release|Win32.ActiveCfg = Release|Win32
		{AD649709-5DAC-4B77-8AD0-15A85A9A8DE2}.Release|Win32.Build.0 = Release|Win32
	EndGlobalSection
	GlobalSection(SolutionProperties) = preSolution
		HideSolutionNode = FALSE
	EndGlobalSection
EndGlobal
